#
# ATTENTION CE FICHIER EST GENERE AUTOMATIQUEMENT !
#

version: 2.4.5
modules:
  csharp:
    version: 1.4.0
    hash: 23980b38d7339e7d13c86acaafac7462
  javascript:
    version: 1.3.1
    hash: 14113e5e0e07a45b548a4574386e4bfb
generatedFiles:
  - ../sources/back/KleeContrib.Dfta.Api/Controllers/Securite/ProfilController.cs
  - ../sources/back/KleeContrib.Dfta.Api/Controllers/Securite/UtilisateurController.cs
  - ../sources/back/KleeContrib.Dfta.Api/Models/Commands/generated/ProfilWrite.cs
  - ../sources/back/KleeContrib.Dfta.Api/Models/Commands/generated/SecuriteDTOMappers.cs
  - ../sources/back/KleeContrib.Dfta.Api/Models/Commands/generated/UtilisateurWrite.cs
  - ../sources/back/KleeContrib.Dfta.Clients.Db/generated/KleeContribDftaDbContext.cs
  - ../sources/back/KleeContrib.Dfta.Clients.Db/Reference/generated/DbSecuriteReferenceAccessors.cs
  - ../sources/back/KleeContrib.Dfta.Clients.Db/Securite/Models/generated/DroitProfil.cs
  - ../sources/back/KleeContrib.Dfta.Clients.Db/Securite/Models/generated/Profil.cs
  - ../sources/back/KleeContrib.Dfta.Clients.Db/Securite/Models/generated/SecuriteMappers.cs
  - ../sources/back/KleeContrib.Dfta.Clients.Db/Securite/Models/generated/Utilisateur.cs
  - ../sources/back/KleeContrib.Dfta.Common/References/Securite/generated/Droit.cs
  - ../sources/back/KleeContrib.Dfta.Common/References/Securite/generated/TypeDroit.cs
  - ../sources/back/KleeContrib.Dfta.Common/References/Securite/generated/TypeUtilisateur.cs
  - ../sources/back/KleeContrib.Dfta.Securite.Commands.Models/generated/ProfilCommand.cs
  - ../sources/back/KleeContrib.Dfta.Securite.Commands.Models/generated/UtilisateurCommand.cs
  - ../sources/back/KleeContrib.Dfta.Securite.Queries/generated/IDbSecuriteReferenceAccessors.cs
  - ../sources/back/KleeContrib.Dfta.Securite.Queries/Models/generated/ProfilItem.cs
  - ../sources/back/KleeContrib.Dfta.Securite.Queries/Models/generated/ProfilRead.cs
  - ../sources/back/KleeContrib.Dfta.Securite.Queries/Models/generated/UtilisateurItem.cs
  - ../sources/back/KleeContrib.Dfta.Securite.Queries/Models/generated/UtilisateurRead.cs
  - ../sources/front/src/locale/common.ts
  - ../sources/front/src/locale/securite.ts
  - ../sources/front/src/model/securite/profil-item.ts
  - ../sources/front/src/model/securite/profil-read.ts
  - ../sources/front/src/model/securite/profil-write.ts
  - ../sources/front/src/model/securite/references.ts
  - ../sources/front/src/model/securite/utilisateur-item.ts
  - ../sources/front/src/model/securite/utilisateur-read.ts
  - ../sources/front/src/model/securite/utilisateur-write.ts
  - ../sources/front/src/services/securite/profil.ts
  - ../sources/front/src/services/securite/utilisateur.ts
